// !$*UTF8*$!
{
	archiveVersion = 1;
	classes = {
	};
	objectVersion = 55;
	objects = {

/* Begin PBXBuildFile section */
		4F676B7127C8B84A000E978C /* main.swift in Sources */ = {isa = PBXBuildFile; fileRef = 4F676B7027C8B84A000E978C /* main.swift */; };
		4F676B7827C8B882000E978C /* arrayPractice2.swift in Sources */ = {isa = PBXBuildFile; fileRef = 4F676B7727C8B882000E978C /* arrayPractice2.swift */; };
		4F676B7A27C8D01E000E978C /* ArrayPractice1.swift in Sources */ = {isa = PBXBuildFile; fileRef = 4F676B7927C8D01E000E978C /* ArrayPractice1.swift */; };
		4F676B7D27CA6692000E978C /* MagicSquare.swift in Sources */ = {isa = PBXBuildFile; fileRef = 4F676B7C27CA6692000E978C /* MagicSquare.swift */; };
		4F676B7F27CBBE93000E978C /* IDValidator.swift in Sources */ = {isa = PBXBuildFile; fileRef = 4F676B7E27CBBE93000E978C /* IDValidator.swift */; };
/* End PBXBuildFile section */

/* Begin PBXCopyFilesBuildPhase section */
		4F676B6B27C8B84A000E978C /* CopyFiles */ = {
			isa = PBXCopyFilesBuildPhase;
			buildActionMask = 2147483647;
			dstPath = /usr/share/man/man1/;
			dstSubfolderSpec = 0;
			files = (
			);
			runOnlyForDeploymentPostprocessing = 1;
		};
/* End PBXCopyFilesBuildPhase section */

/* Begin PBXFileReference section */
		4F676B6D27C8B84A000E978C /* 220225 */ = {isa = PBXFileReference; explicitFileType = "compiled.mach-o.executable"; includeInIndex = 0; path = 220225; sourceTree = BUILT_PRODUCTS_DIR; };
		4F676B7027C8B84A000E978C /* main.swift */ = {isa = PBXFileReference; lastKnownFileType = sourcecode.swift; path = main.swift; sourceTree = "<group>"; };
		4F676B7727C8B882000E978C /* arrayPractice2.swift */ = {isa = PBXFileReference; lastKnownFileType = sourcecode.swift; name = arrayPractice2.swift; path = ../arrayPractice2.swift; sourceTree = "<group>"; };
		4F676B7927C8D01E000E978C /* ArrayPractice1.swift */ = {isa = PBXFileReference; lastKnownFileType = sourcecode.swift; path = ArrayPractice1.swift; sourceTree = "<group>"; };
		4F676B7C27CA6692000E978C /* MagicSquare.swift */ = {isa = PBXFileReference; lastKnownFileType = sourcecode.swift; path = MagicSquare.swift; sourceTree = "<group>"; };
		4F676B7E27CBBE93000E978C /* IDValidator.swift */ = {isa = PBXFileReference; lastKnownFileType = sourcecode.swift; path = IDValidator.swift; sourceTree = "<group>"; };
/* End PBXFileReference section */

/* Begin PBXFrameworksBuildPhase section */
		4F676B6A27C8B84A000E978C /* Frameworks */ = {
			isa = PBXFrameworksBuildPhase;
			buildActionMask = 2147483647;
			files = (
			);
			runOnlyForDeploymentPostprocessing = 0;
		};
/* End PBXFrameworksBuildPhase section */

/* Begin PBXGroup section */
		4F676B6427C8B84A000E978C = {
			isa = PBXGroup;
			children = (
				4F676B7C27CA6692000E978C /* MagicSquare.swift */,
				4F676B7E27CBBE93000E978C /* IDValidator.swift */,
				4F676B7727C8B882000E978C /* arrayPractice2.swift */,
				4F676B7927C8D01E000E978C /* ArrayPractice1.swift */,
				4F676B6F27C8B84A000E978C /* 220225 */,
				4F676B6E27C8B84A000E978C /* Products */,
			);
			sourceTree = "<group>";
		};
		4F676B6E27C8B84A000E978C /* Products */ = {
			isa = PBXGroup;
			children = (
				4F676B6D27C8B84A000E978C /* 220225 */,
			);
			name = Products;
			sourceTree = "<group>";
		};
		4F676B6F27C8B84A000E978C /* 220225 */ = {
			isa = PBXGroup;
			children = (
				4F676B7027C8B84A000E978C /* main.swift */,
			);
			path = 220225;
			sourceTree = "<group>";
		};
/* End PBXGroup section */

/* Begin PBXNativeTarget section */
		4F676B6C27C8B84A000E978C /* 220225 */ = {
			isa = PBXNativeTarget;
			buildConfigurationList = 4F676B7427C8B84A000E978C /* Build configuration list for PBXNativeTarget "220225" */;
			buildPhases = (
				4F676B6927C8B84A000E978C /* Sources */,
				4F676B6A27C8B84A000E978C /* Frameworks */,
				4F676B6B27C8B84A000E978C /* CopyFiles */,
			);
			buildRules = (
			);
			dependencies = (
			);
			name = 220225;
			productName = 220225;
			productReference = 4F676B6D27C8B84A000E978C /* 220225 */;
			productType = "com.apple.product-type.tool";
		};
/* End PBXNativeTarget section */

/* Begin PBXProject section */
		4F676B6527C8B84A000E978C /* Project object */ = {
			isa = PBXProject;
			attributes = {
				BuildIndependentTargetsInParallel = 1;
				LastSwiftUpdateCheck = 1320;
				LastUpgradeCheck = 1320;
				TargetAttributes = {
					4F676B6C27C8B84A000E978C = {
						CreatedOnToolsVersion = 13.2.1;
					};
				};
			};
			buildConfigurationList = 4F676B6827C8B84A000E978C /* Build configuration list for PBXProject "220225" */;
			compatibilityVersion = "Xcode 13.0";
			developmentRegion = en;
			hasScannedForEncodings = 0;
			knownRegions = (
				en,
				Base,
			);
			mainGroup = 4F676B6427C8B84A000E978C;
			productRefGroup = 4F676B6E27C8B84A000E978C /* Products */;
			projectDirPath = "";
			projectRoot = "";
			targets = (
				4F676B6C27C8B84A000E978C /* 220225 */,
			);
		};
/* End PBXProject section */

/* Begin PBXSourcesBuildPhase section */
		4F676B6927C8B84A000E978C /* Sources */ = {
			isa = PBXSourcesBuildPhase;
			buildActionMask = 2147483647;
			files = (
				4F676B7A27C8D01E000E978C /* ArrayPractice1.swift in Sources */,
				4F676B7127C8B84A000E978C /* main.swift in Sources */,
				4F676B7D27CA6692000E978C /* MagicSquare.swift in Sources */,
				4F676B7F27CBBE93000E978C /* IDValidator.swift in Sources */,
				4F676B7827C8B882000E978C /* arrayPractice2.swift in Sources */,
			);
			runOnlyForDeploymentPostprocessing = 0;
		};
/* End PBXSourcesBuildPhase section */

/* Begin XCBuildConfiguration section */
		4F676B7227C8B84A000E978C /* Debug */ = {
			isa = XCBuildConfiguration;
			buildSettings = {
				ALWAYS_SEARCH_USER_PATHS = NO;
				CLANG_ANALYZER_NONNULL = YES;
				CLANG_ANALYZER_NUMBER_OBJECT_CONVERSION = YES_AGGRESSIVE;
				CLANG_CXX_LANGUAGE_STANDARD = "gnu++17";
				CLANG_CXX_LIBRARY = "libc++";
				CLANG_ENABLE_MODULES = YES;
				CLANG_ENABLE_OBJC_ARC = YES;
				CLANG_ENABLE_OBJC_WEAK = YES;
				CLANG_WARN_BLOCK_CAPTURE_AUTORELEASING = YES;
				CLANG_WARN_BOOL_CONVERSION = YES;
				CLANG_WARN_COMMA = YES;
				CLANG_WARN_CONSTANT_CONVERSION = YES;
				CLANG_WARN_DEPRECATED_OBJC_IMPLEMENTATIONS = YES;
				CLANG_WARN_DIRECT_OBJC_ISA_USAGE = YES_ERROR;
				CLANG_WARN_DOCUMENTATION_COMMENTS = YES;
				CLANG_WARN_EMPTY_BODY = YES;
				CLANG_WARN_ENUM_CONVERSION = YES;
				CLANG_WARN_INFINITE_RECURSION = YES;
				CLANG_WARN_INT_CONVERSION = YES;
				CLANG_WARN_NON_LITERAL_NULL_CONVERSION = YES;
				CLANG_WARN_OBJC_IMPLICIT_RETAIN_SELF = YES;
				CLANG_WARN_OBJC_LITERAL_CONVERSION = YES;
				CLANG_WARN_OBJC_ROOT_CLASS = YES_ERROR;
				CLANG_WARN_QUOTED_INCLUDE_IN_FRAMEWORK_HEADER = YES;
				CLANG_WARN_RANGE_LOOP_ANALYSIS = YES;
				CLANG_WARN_STRICT_PROTOTYPES = YES;
				CLANG_WARN_SUSPICIOUS_MOVE = YES;
				CLANG_WARN_UNGUARDED_AVAILABILITY = YES_AGGRESSIVE;
				CLANG_WARN_UNREACHABLE_CODE = YES;
				CLANG_WARN__DUPLICATE_METHOD_MATCH = YES;
				COPY_PHASE_STRIP = NO;
				DEBUG_INFORMATION_FORMAT = dwarf;
				ENABLE_STRICT_OBJC_MSGSEND = YES;
				ENABLE_TESTABILITY = YES;
				GCC_C_LANGUAGE_STANDARD = gnu11;
				GCC_DYNAMIC_NO_PIC = NO;
				GCC_NO_COMMON_BLOCKS = YES;
				GCC_OPTIMIZATION_LEVEL = 0;
				GCC_PREPROCESSOR_DEFINITIONS = (
					"DEBUG=1",
					"$(inherited)",
				);
				GCC_WARN_64_TO_32_BIT_CONVERSION = YES;
				GCC_WARN_ABOUT_RETURN_TYPE = YES_ERROR;
				GCC_WARN_UNDECLARED_SELECTOR = YES;
				GCC_WARN_UNINITIALIZED_AUTOS = YES_AGGRESSIVE;
				GCC_WARN_UNUSED_FUNCTION = YES;
				GCC_WARN_UNUSED_VARIABLE = YES;
				MACOSX_DEPLOYMENT_TARGET = 11.6;
				MTL_ENABLE_DEBUG_INFO = INCLUDE_SOURCE;
				MTL_FAST_MATH = YES;
				ONLY_ACTIVE_ARCH = YES;
				SDKROOT = macosx;
				SWIFT_ACTIVE_COMPILATION_CONDITIONS = DEBUG;
				SWIFT_OPTIMIZATION_LEVEL = "-Onone";
			};
			name = Debug;
		};
		4F676B7327C8B84A000E978C /* Release */ = {
			isa = XCBuildConfiguration;
			buildSettings = {
				ALWAYS_SEARCH_USER_PATHS = NO;
				CLANG_ANALYZER_NONNULL = YES;
				CLANG_ANALYZER_NUMBER_OBJECT_CONVERSION = YES_AGGRESSIVE;
				CLANG_CXX_LANGUAGE_STANDARD = "gnu++17";
				CLANG_CXX_LIBRARY = "libc++";
				CLANG_ENABLE_MODULES = YES;
				CLANG_ENABLE_OBJC_ARC = YES;
				CLANG_ENABLE_OBJC_WEAK = YES;
				CLANG_WARN_BLOCK_CAPTURE_AUTORELEASING = YES;
				CLANG_WARN_BOOL_CONVERSION = YES;
				CLANG_WARN_COMMA = YES;
				CLANG_WARN_CONSTANT_CONVERSION = YES;
				CLANG_WARN_DEPRECATED_OBJC_IMPLEMENTATIONS = YES;
				CLANG_WARN_DIRECT_OBJC_ISA_USAGE = YES_ERROR;
				CLANG_WARN_DOCUMENTATION_COMMENTS = YES;
				CLANG_WARN_EMPTY_BODY = YES;
				CLANG_WARN_ENUM_CONVERSION = YES;
				CLANG_WARN_INFINITE_RECURSION = YES;
				CLANG_WARN_INT_CONVERSION = YES;
				CLANG_WARN_NON_LITERAL_NULL_CONVERSION = YES;
				CLANG_WARN_OBJC_IMPLICIT_RETAIN_SELF = YES;
				CLANG_WARN_OBJC_LITERAL_CONVERSION = YES;
				CLANG_WARN_OBJC_ROOT_CLASS = YES_ERROR;
				CLANG_WARN_QUOTED_INCLUDE_IN_FRAMEWORK_HEADER = YES;
				CLANG_WARN_RANGE_LOOP_ANALYSIS = YES;
				CLANG_WARN_STRICT_PROTOTYPES = YES;
				CLANG_WARN_SUSPICIOUS_MOVE = YES;
				CLANG_WARN_UNGUARDED_AVAILABILITY = YES_AGGRESSIVE;
				CLANG_WARN_UNREACHABLE_CODE = YES;
				CLANG_WARN__DUPLICATE_METHOD_MATCH = YES;
				COPY_PHASE_STRIP = NO;
				DEBUG_INFORMATION_FORMAT = "dwarf-with-dsym";
				ENABLE_NS_ASSERTIONS = NO;
				ENABLE_STRICT_OBJC_MSGSEND = YES;
				GCC_C_LANGUAGE_STANDARD = gnu11;
				GCC_NO_COMMON_BLOCKS = YES;
				GCC_WARN_64_TO_32_BIT_CONVERSION = YES;
				GCC_WARN_ABOUT_RETURN_TYPE = YES_ERROR;
				GCC_WARN_UNDECLARED_SELECTOR = YES;
				GCC_WARN_UNINITIALIZED_AUTOS = YES_AGGRESSIVE;
				GCC_WARN_UNUSED_FUNCTION = YES;
				GCC_WARN_UNUSED_VARIABLE = YES;
				MACOSX_DEPLOYMENT_TARGET = 11.6;
				MTL_ENABLE_DEBUG_INFO = NO;
				MTL_FAST_MATH = YES;
				SDKROOT = macosx;
				SWIFT_COMPILATION_MODE = wholemodule;
				SWIFT_OPTIMIZATION_LEVEL = "-O";
			};
			name = Release;
		};
		4F676B7527C8B84A000E978C /* Debug */ = {
			isa = XCBuildConfiguration;
			buildSettings = {
				CODE_SIGN_STYLE = Automatic;
				PRODUCT_NAME = "$(TARGET_NAME)";
				SWIFT_VERSION = 5.0;
			};
			name = Debug;
		};
		4F676B7627C8B84A000E978C /* Release */ = {
			isa = XCBuildConfiguration;
			buildSettings = {
				CODE_SIGN_STYLE = Automatic;
				PRODUCT_NAME = "$(TARGET_NAME)";
				SWIFT_VERSION = 5.0;
			};
			name = Release;
		};
/* End XCBuildConfiguration section */

/* Begin XCConfigurationList section */
		4F676B6827C8B84A000E978C /* Build configuration list for PBXProject "220225" */ = {
			isa = XCConfigurationList;
			buildConfigurations = (
				4F676B7227C8B84A000E978C /* Debug */,
				4F676B7327C8B84A000E978C /* Release */,
			);
			defaultConfigurationIsVisible = 0;
			defaultConfigurationName = Release;
		};
		4F676B7427C8B84A000E978C /* Build configuration list for PBXNativeTarget "220225" */ = {
			isa = XCConfigurationList;
			buildConfigurations = (
				4F676B7527C8B84A000E978C /* Debug */,
				4F676B7627C8B84A000E978C /* Release */,
			);
			defaultConfigurationIsVisible = 0;
			defaultConfigurationName = Release;
		};
/* End XCConfigurationList section */
	};
	rootObject = 4F676B6527C8B84A000E978C /* Project object */;
}
