// !$*UTF8*$!
{
	archiveVersion = 1;
	classes = {
	};
	objectVersion = 55;
	objects = {

/* Begin PBXBuildFile section */
		4FE7E32E2816FD8200C959C1 /* main.swift in Sources */ = {isa = PBXBuildFile; fileRef = 4FE7E32D2816FD8200C959C1 /* main.swift */; };
		4FE7E3352816FDA000C959C1 /* loveCalculator.swift in Sources */ = {isa = PBXBuildFile; fileRef = 4FE7E3342816FDA000C959C1 /* loveCalculator.swift */; };
		4FE7E3372817C40C00C959C1 /* isLeap.swift in Sources */ = {isa = PBXBuildFile; fileRef = 4FE7E3362817C40C00C959C1 /* isLeap.swift */; };
		4FE7E33B281A90A200C959C1 /* codingExerciseSwitch.swift in Sources */ = {isa = PBXBuildFile; fileRef = 4FE7E33A281A90A200C959C1 /* codingExerciseSwitch.swift */; };
		4FE7E33D281C449200C959C1 /* codingExerciseDictionaries.swift in Sources */ = {isa = PBXBuildFile; fileRef = 4FE7E33C281C449200C959C1 /* codingExerciseDictionaries.swift */; };
		4FE7E33F281E313700C959C1 /* CodingExerciseOptionals.swift in Sources */ = {isa = PBXBuildFile; fileRef = 4FE7E33E281E313700C959C1 /* CodingExerciseOptionals.swift */; };
/* End PBXBuildFile section */

/* Begin PBXCopyFilesBuildPhase section */
		4FE7E3282816FD8200C959C1 /* CopyFiles */ = {
			isa = PBXCopyFilesBuildPhase;
			buildActionMask = 2147483647;
			dstPath = /usr/share/man/man1/;
			dstSubfolderSpec = 0;
			files = (
			);
			runOnlyForDeploymentPostprocessing = 1;
		};
/* End PBXCopyFilesBuildPhase section */

/* Begin PBXFileReference section */
		4FE7E32A2816FD8200C959C1 /* loveCalculator */ = {isa = PBXFileReference; explicitFileType = "compiled.mach-o.executable"; includeInIndex = 0; path = loveCalculator; sourceTree = BUILT_PRODUCTS_DIR; };
		4FE7E32D2816FD8200C959C1 /* main.swift */ = {isa = PBXFileReference; lastKnownFileType = sourcecode.swift; path = main.swift; sourceTree = "<group>"; };
		4FE7E3342816FDA000C959C1 /* loveCalculator.swift */ = {isa = PBXFileReference; lastKnownFileType = sourcecode.swift; path = loveCalculator.swift; sourceTree = "<group>"; };
		4FE7E3362817C40C00C959C1 /* isLeap.swift */ = {isa = PBXFileReference; lastKnownFileType = sourcecode.swift; path = isLeap.swift; sourceTree = "<group>"; };
		4FE7E33A281A90A200C959C1 /* codingExerciseSwitch.swift */ = {isa = PBXFileReference; lastKnownFileType = sourcecode.swift; path = codingExerciseSwitch.swift; sourceTree = "<group>"; };
		4FE7E33C281C449200C959C1 /* codingExerciseDictionaries.swift */ = {isa = PBXFileReference; lastKnownFileType = sourcecode.swift; path = codingExerciseDictionaries.swift; sourceTree = "<group>"; };
		4FE7E33E281E313700C959C1 /* CodingExerciseOptionals.swift */ = {isa = PBXFileReference; lastKnownFileType = sourcecode.swift; path = CodingExerciseOptionals.swift; sourceTree = "<group>"; };
/* End PBXFileReference section */

/* Begin PBXFrameworksBuildPhase section */
		4FE7E3272816FD8200C959C1 /* Frameworks */ = {
			isa = PBXFrameworksBuildPhase;
			buildActionMask = 2147483647;
			files = (
			);
			runOnlyForDeploymentPostprocessing = 0;
		};
/* End PBXFrameworksBuildPhase section */

/* Begin PBXGroup section */
		4FE7E3212816FD8200C959C1 = {
			isa = PBXGroup;
			children = (
				4FE7E3342816FDA000C959C1 /* loveCalculator.swift */,
				4FE7E33A281A90A200C959C1 /* codingExerciseSwitch.swift */,
				4FE7E33C281C449200C959C1 /* codingExerciseDictionaries.swift */,
				4FE7E33E281E313700C959C1 /* CodingExerciseOptionals.swift */,
				4FE7E3362817C40C00C959C1 /* isLeap.swift */,
				4FE7E32C2816FD8200C959C1 /* loveCalculator */,
				4FE7E32B2816FD8200C959C1 /* Products */,
			);
			sourceTree = "<group>";
		};
		4FE7E32B2816FD8200C959C1 /* Products */ = {
			isa = PBXGroup;
			children = (
				4FE7E32A2816FD8200C959C1 /* loveCalculator */,
			);
			name = Products;
			sourceTree = "<group>";
		};
		4FE7E32C2816FD8200C959C1 /* loveCalculator */ = {
			isa = PBXGroup;
			children = (
				4FE7E32D2816FD8200C959C1 /* main.swift */,
			);
			path = loveCalculator;
			sourceTree = "<group>";
		};
/* End PBXGroup section */

/* Begin PBXNativeTarget section */
		4FE7E3292816FD8200C959C1 /* loveCalculator */ = {
			isa = PBXNativeTarget;
			buildConfigurationList = 4FE7E3312816FD8200C959C1 /* Build configuration list for PBXNativeTarget "loveCalculator" */;
			buildPhases = (
				4FE7E3262816FD8200C959C1 /* Sources */,
				4FE7E3272816FD8200C959C1 /* Frameworks */,
				4FE7E3282816FD8200C959C1 /* CopyFiles */,
			);
			buildRules = (
			);
			dependencies = (
			);
			name = loveCalculator;
			productName = loveCalculator;
			productReference = 4FE7E32A2816FD8200C959C1 /* loveCalculator */;
			productType = "com.apple.product-type.tool";
		};
/* End PBXNativeTarget section */

/* Begin PBXProject section */
		4FE7E3222816FD8200C959C1 /* Project object */ = {
			isa = PBXProject;
			attributes = {
				BuildIndependentTargetsInParallel = 1;
				LastSwiftUpdateCheck = 1320;
				LastUpgradeCheck = 1320;
				TargetAttributes = {
					4FE7E3292816FD8200C959C1 = {
						CreatedOnToolsVersion = 13.2.1;
					};
				};
			};
			buildConfigurationList = 4FE7E3252816FD8200C959C1 /* Build configuration list for PBXProject "loveCalculator" */;
			compatibilityVersion = "Xcode 13.0";
			developmentRegion = en;
			hasScannedForEncodings = 0;
			knownRegions = (
				en,
				Base,
			);
			mainGroup = 4FE7E3212816FD8200C959C1;
			productRefGroup = 4FE7E32B2816FD8200C959C1 /* Products */;
			projectDirPath = "";
			projectRoot = "";
			targets = (
				4FE7E3292816FD8200C959C1 /* loveCalculator */,
			);
		};
/* End PBXProject section */

/* Begin PBXSourcesBuildPhase section */
		4FE7E3262816FD8200C959C1 /* Sources */ = {
			isa = PBXSourcesBuildPhase;
			buildActionMask = 2147483647;
			files = (
				4FE7E3372817C40C00C959C1 /* isLeap.swift in Sources */,
				4FE7E32E2816FD8200C959C1 /* main.swift in Sources */,
				4FE7E3352816FDA000C959C1 /* loveCalculator.swift in Sources */,
				4FE7E33F281E313700C959C1 /* CodingExerciseOptionals.swift in Sources */,
				4FE7E33B281A90A200C959C1 /* codingExerciseSwitch.swift in Sources */,
				4FE7E33D281C449200C959C1 /* codingExerciseDictionaries.swift in Sources */,
			);
			runOnlyForDeploymentPostprocessing = 0;
		};
/* End PBXSourcesBuildPhase section */

/* Begin XCBuildConfiguration section */
		4FE7E32F2816FD8200C959C1 /* Debug */ = {
			isa = XCBuildConfiguration;
			buildSettings = {
				ALWAYS_SEARCH_USER_PATHS = NO;
				CLANG_ANALYZER_NONNULL = YES;
				CLANG_ANALYZER_NUMBER_OBJECT_CONVERSION = YES_AGGRESSIVE;
				CLANG_CXX_LANGUAGE_STANDARD = "gnu++17";
				CLANG_CXX_LIBRARY = "libc++";
				CLANG_ENABLE_MODULES = YES;
				CLANG_ENABLE_OBJC_ARC = YES;
				CLANG_ENABLE_OBJC_WEAK = YES;
				CLANG_WARN_BLOCK_CAPTURE_AUTORELEASING = YES;
				CLANG_WARN_BOOL_CONVERSION = YES;
				CLANG_WARN_COMMA = YES;
				CLANG_WARN_CONSTANT_CONVERSION = YES;
				CLANG_WARN_DEPRECATED_OBJC_IMPLEMENTATIONS = YES;
				CLANG_WARN_DIRECT_OBJC_ISA_USAGE = YES_ERROR;
				CLANG_WARN_DOCUMENTATION_COMMENTS = YES;
				CLANG_WARN_EMPTY_BODY = YES;
				CLANG_WARN_ENUM_CONVERSION = YES;
				CLANG_WARN_INFINITE_RECURSION = YES;
				CLANG_WARN_INT_CONVERSION = YES;
				CLANG_WARN_NON_LITERAL_NULL_CONVERSION = YES;
				CLANG_WARN_OBJC_IMPLICIT_RETAIN_SELF = YES;
				CLANG_WARN_OBJC_LITERAL_CONVERSION = YES;
				CLANG_WARN_OBJC_ROOT_CLASS = YES_ERROR;
				CLANG_WARN_QUOTED_INCLUDE_IN_FRAMEWORK_HEADER = YES;
				CLANG_WARN_RANGE_LOOP_ANALYSIS = YES;
				CLANG_WARN_STRICT_PROTOTYPES = YES;
				CLANG_WARN_SUSPICIOUS_MOVE = YES;
				CLANG_WARN_UNGUARDED_AVAILABILITY = YES_AGGRESSIVE;
				CLANG_WARN_UNREACHABLE_CODE = YES;
				CLANG_WARN__DUPLICATE_METHOD_MATCH = YES;
				COPY_PHASE_STRIP = NO;
				DEBUG_INFORMATION_FORMAT = dwarf;
				ENABLE_STRICT_OBJC_MSGSEND = YES;
				ENABLE_TESTABILITY = YES;
				GCC_C_LANGUAGE_STANDARD = gnu11;
				GCC_DYNAMIC_NO_PIC = NO;
				GCC_NO_COMMON_BLOCKS = YES;
				GCC_OPTIMIZATION_LEVEL = 0;
				GCC_PREPROCESSOR_DEFINITIONS = (
					"DEBUG=1",
					"$(inherited)",
				);
				GCC_WARN_64_TO_32_BIT_CONVERSION = YES;
				GCC_WARN_ABOUT_RETURN_TYPE = YES_ERROR;
				GCC_WARN_UNDECLARED_SELECTOR = YES;
				GCC_WARN_UNINITIALIZED_AUTOS = YES_AGGRESSIVE;
				GCC_WARN_UNUSED_FUNCTION = YES;
				GCC_WARN_UNUSED_VARIABLE = YES;
				MACOSX_DEPLOYMENT_TARGET = 11.6;
				MTL_ENABLE_DEBUG_INFO = INCLUDE_SOURCE;
				MTL_FAST_MATH = YES;
				ONLY_ACTIVE_ARCH = YES;
				SDKROOT = macosx;
				SWIFT_ACTIVE_COMPILATION_CONDITIONS = DEBUG;
				SWIFT_OPTIMIZATION_LEVEL = "-Onone";
			};
			name = Debug;
		};
		4FE7E3302816FD8200C959C1 /* Release */ = {
			isa = XCBuildConfiguration;
			buildSettings = {
				ALWAYS_SEARCH_USER_PATHS = NO;
				CLANG_ANALYZER_NONNULL = YES;
				CLANG_ANALYZER_NUMBER_OBJECT_CONVERSION = YES_AGGRESSIVE;
				CLANG_CXX_LANGUAGE_STANDARD = "gnu++17";
				CLANG_CXX_LIBRARY = "libc++";
				CLANG_ENABLE_MODULES = YES;
				CLANG_ENABLE_OBJC_ARC = YES;
				CLANG_ENABLE_OBJC_WEAK = YES;
				CLANG_WARN_BLOCK_CAPTURE_AUTORELEASING = YES;
				CLANG_WARN_BOOL_CONVERSION = YES;
				CLANG_WARN_COMMA = YES;
				CLANG_WARN_CONSTANT_CONVERSION = YES;
				CLANG_WARN_DEPRECATED_OBJC_IMPLEMENTATIONS = YES;
				CLANG_WARN_DIRECT_OBJC_ISA_USAGE = YES_ERROR;
				CLANG_WARN_DOCUMENTATION_COMMENTS = YES;
				CLANG_WARN_EMPTY_BODY = YES;
				CLANG_WARN_ENUM_CONVERSION = YES;
				CLANG_WARN_INFINITE_RECURSION = YES;
				CLANG_WARN_INT_CONVERSION = YES;
				CLANG_WARN_NON_LITERAL_NULL_CONVERSION = YES;
				CLANG_WARN_OBJC_IMPLICIT_RETAIN_SELF = YES;
				CLANG_WARN_OBJC_LITERAL_CONVERSION = YES;
				CLANG_WARN_OBJC_ROOT_CLASS = YES_ERROR;
				CLANG_WARN_QUOTED_INCLUDE_IN_FRAMEWORK_HEADER = YES;
				CLANG_WARN_RANGE_LOOP_ANALYSIS = YES;
				CLANG_WARN_STRICT_PROTOTYPES = YES;
				CLANG_WARN_SUSPICIOUS_MOVE = YES;
				CLANG_WARN_UNGUARDED_AVAILABILITY = YES_AGGRESSIVE;
				CLANG_WARN_UNREACHABLE_CODE = YES;
				CLANG_WARN__DUPLICATE_METHOD_MATCH = YES;
				COPY_PHASE_STRIP = NO;
				DEBUG_INFORMATION_FORMAT = "dwarf-with-dsym";
				ENABLE_NS_ASSERTIONS = NO;
				ENABLE_STRICT_OBJC_MSGSEND = YES;
				GCC_C_LANGUAGE_STANDARD = gnu11;
				GCC_NO_COMMON_BLOCKS = YES;
				GCC_WARN_64_TO_32_BIT_CONVERSION = YES;
				GCC_WARN_ABOUT_RETURN_TYPE = YES_ERROR;
				GCC_WARN_UNDECLARED_SELECTOR = YES;
				GCC_WARN_UNINITIALIZED_AUTOS = YES_AGGRESSIVE;
				GCC_WARN_UNUSED_FUNCTION = YES;
				GCC_WARN_UNUSED_VARIABLE = YES;
				MACOSX_DEPLOYMENT_TARGET = 11.6;
				MTL_ENABLE_DEBUG_INFO = NO;
				MTL_FAST_MATH = YES;
				SDKROOT = macosx;
				SWIFT_COMPILATION_MODE = wholemodule;
				SWIFT_OPTIMIZATION_LEVEL = "-O";
			};
			name = Release;
		};
		4FE7E3322816FD8200C959C1 /* Debug */ = {
			isa = XCBuildConfiguration;
			buildSettings = {
				CODE_SIGN_STYLE = Automatic;
				PRODUCT_NAME = "$(TARGET_NAME)";
				SWIFT_VERSION = 5.0;
			};
			name = Debug;
		};
		4FE7E3332816FD8200C959C1 /* Release */ = {
			isa = XCBuildConfiguration;
			buildSettings = {
				CODE_SIGN_STYLE = Automatic;
				PRODUCT_NAME = "$(TARGET_NAME)";
				SWIFT_VERSION = 5.0;
			};
			name = Release;
		};
/* End XCBuildConfiguration section */

/* Begin XCConfigurationList section */
		4FE7E3252816FD8200C959C1 /* Build configuration list for PBXProject "loveCalculator" */ = {
			isa = XCConfigurationList;
			buildConfigurations = (
				4FE7E32F2816FD8200C959C1 /* Debug */,
				4FE7E3302816FD8200C959C1 /* Release */,
			);
			defaultConfigurationIsVisible = 0;
			defaultConfigurationName = Release;
		};
		4FE7E3312816FD8200C959C1 /* Build configuration list for PBXNativeTarget "loveCalculator" */ = {
			isa = XCConfigurationList;
			buildConfigurations = (
				4FE7E3322816FD8200C959C1 /* Debug */,
				4FE7E3332816FD8200C959C1 /* Release */,
			);
			defaultConfigurationIsVisible = 0;
			defaultConfigurationName = Release;
		};
/* End XCConfigurationList section */
	};
	rootObject = 4FE7E3222816FD8200C959C1 /* Project object */;
}
